
Microsoft Visual Studio Solution File, Format Version 12.00
# Visual Studio 15
VisualStudioVersion = 15.0.27130.2036
MinimumVisualStudioVersion = 10.0.40219.1
Project("{FAE04EC0-301F-11D3-BF4B-00C04F79EFBC}") = "FilderNET.Web", "FilderNET.Web\FilderNET.Web.csproj", "{3BB83D6F-09E9-4097-8954-5ECE36D59CDB}"
EndProject
Project("{FAE04EC0-301F-11D3-BF4B-00C04F79EFBC}") = "FilderNET.DataAccess", "FilderNET.DataAccess\FilderNET.DataAccess.csproj", "{240387FC-48D3-4AF2-9AF3-641291CDF2D6}"
EndProject
Project("{FAE04EC0-301F-11D3-BF4B-00C04F79EFBC}") = "FilderNET.Test", "FilderNET.Test\FilderNET.Test.csproj", "{C10090EA-286D-44C8-88EC-07515E68A8AB}"
EndProject
Global
	GlobalSection(SolutionConfigurationPlatforms) = preSolution
		Debug|Any CPU = Debug|Any CPU
		Release|Any CPU = Release|Any CPU
	EndGlobalSection
	GlobalSection(ProjectConfigurationPlatforms) = postSolution
		{3BB83D6F-09E9-4097-8954-5ECE36D59CDB}.Debug|Any CPU.ActiveCfg = Debug|Any CPU
		{3BB83D6F-09E9-4097-8954-5ECE36D59CDB}.Debug|Any CPU.Build.0 = Debug|Any CPU
		{3BB83D6F-09E9-4097-8954-5ECE36D59CDB}.Release|Any CPU.ActiveCfg = Release|Any CPU
		{3BB83D6F-09E9-4097-8954-5ECE36D59CDB}.Release|Any CPU.Build.0 = Release|Any CPU
		{240387FC-48D3-4AF2-9AF3-641291CDF2D6}.Debug|Any CPU.ActiveCfg = Debug|Any CPU
		{240387FC-48D3-4AF2-9AF3-641291CDF2D6}.Debug|Any CPU.Build.0 = Debug|Any CPU
		{240387FC-48D3-4AF2-9AF3-641291CDF2D6}.Release|Any CPU.ActiveCfg = Release|Any CPU
		{240387FC-48D3-4AF2-9AF3-641291CDF2D6}.Release|Any CPU.Build.0 = Release|Any CPU
		{C10090EA-286D-44C8-88EC-07515E68A8AB}.Debug|Any CPU.ActiveCfg = Debug|Any CPU
		{C10090EA-286D-44C8-88EC-07515E68A8AB}.Debug|Any CPU.Build.0 = Debug|Any CPU
		{C10090EA-286D-44C8-88EC-07515E68A8AB}.Release|Any CPU.ActiveCfg = Release|Any CPU
		{C10090EA-286D-44C8-88EC-07515E68A8AB}.Release|Any CPU.Build.0 = Release|Any CPU
	EndGlobalSection
	GlobalSection(SolutionProperties) = preSolution
		HideSolutionNode = FALSE
	EndGlobalSection
	GlobalSection(ExtensibilityGlobals) = postSolution
		SolutionGuid = {57F0ECC7-2384-43C6-9320-3A4FC79D1C8C}
	EndGlobalSection
EndGlobal
